Microsoft Visual Studio Solution File, Format Version 12.00
# Visual Studio Version 17
VisualStudioVersion = 17.0.31903.59
MinimumVisualStudioVersion = 10.0.40219.1
Project("{FAE04EC0-301F-11D3-BF4B-00C04F79EFBC}") = "EnterpriseMdmSolution.API", "EnterpriseMdmSolution.API\EnterpriseMdmSolution.API.csproj", "{A5B25DDA-85DF-4B97-AC66-9F0F52D1E845}"
EndProject
Project("{FAE04EC0-301F-11D3-BF4B-00C04F79EFBC}") = "EnterpriseMdmSolution.Application", "EnterpriseMdmSolution.Application\EnterpriseMdmSolution.Application.csproj", "{0B28FE0D-3876-40DC-88B4-11ED46FA034E}"
EndProject
Project("{FAE04EC0-301F-11D3-BF4B-00C04F79EFBC}") = "EnterpriseMdmSolution.Core", "EnterpriseMdmSolution.Core\EnterpriseMdmSolution.Core.csproj", "{B59B8D9C-A7BE-4643-B449-88FBAAFACF26}"
EndProject
Project("{FAE04EC0-301F-11D3-BF4B-00C04F79EFBC}") = "EnterpriseMdmSolution.Infrastructure", "EnterpriseMdmSolution.Infrastructure\EnterpriseMdmSolution.Infrastructure.csproj", "{6913AE1C-9049-415E-AC87-283E3BBD1547}"
EndProject
Global
	GlobalSection(SolutionConfigurationPlatforms) = preSolution
		Debug|Any CPU = Debug|Any CPU
		Release|Any CPU = Release|Any CPU
	EndGlobalSection
	GlobalSection(ProjectConfigurationPlatforms) = postSolution
		{A5B25DDA-85DF-4B97-AC66-9F0F52D1E845}.Debug|Any CPU.ActiveCfg = Debug|Any CPU
		{A5B25DDA-85DF-4B97-AC66-9F0F52D1E845}.Debug|Any CPU.Build.0 = Debug|Any CPU
		{A5B25DDA-85DF-4B97-AC66-9F0F52D1E845}.Release|Any CPU.ActiveCfg = Release|Any CPU
		{A5B25DDA-85DF-4B97-AC66-9F0F52D1E845}.Release|Any CPU.Build.0 = Release|Any CPU
		{0B28FE0D-3876-40DC-88B4-11ED46FA034E}.Debug|Any CPU.ActiveCfg = Debug|Any CPU
		{0B28FE0D-3876-40DC-88B4-11ED46FA034E}.Debug|Any CPU.Build.0 = Debug|Any CPU
		{0B28FE0D-3876-40DC-88B4-11ED46FA034E}.Release|Any CPU.ActiveCfg = Release|Any CPU
		{0B28FE0D-3876-40DC-88B4-11ED46FA034E}.Release|Any CPU.Build.0 = Release|Any CPU
		{B59B8D9C-A7BE-4643-B449-88FBAAFACF26}.Debug|Any CPU.ActiveCfg = Debug|Any CPU
		{B59B8D9C-A7BE-4643-B449-88FBAAFACF26}.Debug|Any CPU.Build.0 = Debug|Any CPU
		{B59B8D9C-A7BE-4643-B449-88FBAAFACF26}.Release|Any CPU.ActiveCfg = Release|Any CPU
		{B59B8D9C-A7BE-4643-B449-88FBAAFACF26}.Release|Any CPU.Build.0 = Release|Any CPU
		{6913AE1C-9049-415E-AC87-283E3BBD1547}.Debug|Any CPU.ActiveCfg = Debug|Any CPU
		{6913AE1C-9049-415E-AC87-283E3BBD1547}.Debug|Any CPU.Build.0 = Debug|Any CPU
		{6913AE1C-9049-415E-AC87-283E3BBD1547}.Release|Any CPU.ActiveCfg = Release|Any CPU
		{6913AE1C-9049-415E-AC87-283E3BBD1547}.Release|Any CPU.Build.0 = Release|Any CPU
	EndGlobalSection
EndGlobal