Microsoft Visual Studio Solution File, Format Version 12.00
# Visual Studio Version 17
VisualStudioVersion = 17.0.31903.59
MinimumVisualStudioVersion = 10.0.40219.1
Project("{FAE04EC0-301F-11D3-BF4B-00C04F79EFBC}") = "EnterpriseMdmSolution.API", "EnterpriseMdmSolution.API\EnterpriseMdmSolution.API.csproj", "{8CA9FFED-05CF-48D6-85BF-823405257EDD}"
EndProject
Project("{FAE04EC0-301F-11D3-BF4B-00C04F79EFBC}") = "EnterpriseMdmSolution.Application", "EnterpriseMdmSolution.Application\EnterpriseMdmSolution.Application.csproj", "{062CCCFD-0F58-4184-A072-45EF2B7FB6A9}"
EndProject
Project("{FAE04EC0-301F-11D3-BF4B-00C04F79EFBC}") = "EnterpriseMdmSolution.Core", "EnterpriseMdmSolution.Core\EnterpriseMdmSolution.Core.csproj", "{2EC14B93-FCB5-4D80-9065-1D8E7DCA33F6}"
EndProject
Project("{FAE04EC0-301F-11D3-BF4B-00C04F79EFBC}") = "EnterpriseMdmSolution.Infrastructure", "EnterpriseMdmSolution.Infrastructure\EnterpriseMdmSolution.Infrastructure.csproj", "{921724F4-483C-4D0F-ACE3-ED4333D7F612}"
EndProject
Global
	GlobalSection(SolutionConfigurationPlatforms) = preSolution
		Debug|Any CPU = Debug|Any CPU
		Release|Any CPU = Release|Any CPU
	EndGlobalSection
	GlobalSection(ProjectConfigurationPlatforms) = postSolution
		{8CA9FFED-05CF-48D6-85BF-823405257EDD}.Debug|Any CPU.ActiveCfg = Debug|Any CPU
		{8CA9FFED-05CF-48D6-85BF-823405257EDD}.Debug|Any CPU.Build.0 = Debug|Any CPU
		{8CA9FFED-05CF-48D6-85BF-823405257EDD}.Release|Any CPU.ActiveCfg = Release|Any CPU
		{8CA9FFED-05CF-48D6-85BF-823405257EDD}.Release|Any CPU.Build.0 = Release|Any CPU
		{062CCCFD-0F58-4184-A072-45EF2B7FB6A9}.Debug|Any CPU.ActiveCfg = Debug|Any CPU
		{062CCCFD-0F58-4184-A072-45EF2B7FB6A9}.Debug|Any CPU.Build.0 = Debug|Any CPU
		{062CCCFD-0F58-4184-A072-45EF2B7FB6A9}.Release|Any CPU.ActiveCfg = Release|Any CPU
		{062CCCFD-0F58-4184-A072-45EF2B7FB6A9}.Release|Any CPU.Build.0 = Release|Any CPU
		{2EC14B93-FCB5-4D80-9065-1D8E7DCA33F6}.Debug|Any CPU.ActiveCfg = Debug|Any CPU
		{2EC14B93-FCB5-4D80-9065-1D8E7DCA33F6}.Debug|Any CPU.Build.0 = Debug|Any CPU
		{2EC14B93-FCB5-4D80-9065-1D8E7DCA33F6}.Release|Any CPU.ActiveCfg = Release|Any CPU
		{2EC14B93-FCB5-4D80-9065-1D8E7DCA33F6}.Release|Any CPU.Build.0 = Release|Any CPU
		{921724F4-483C-4D0F-ACE3-ED4333D7F612}.Debug|Any CPU.ActiveCfg = Debug|Any CPU
		{921724F4-483C-4D0F-ACE3-ED4333D7F612}.Debug|Any CPU.Build.0 = Debug|Any CPU
		{921724F4-483C-4D0F-ACE3-ED4333D7F612}.Release|Any CPU.ActiveCfg = Release|Any CPU
		{921724F4-483C-4D0F-ACE3-ED4333D7F612}.Release|Any CPU.Build.0 = Release|Any CPU
	EndGlobalSection
EndGlobal