Microsoft Visual Studio Solution File, Format Version 12.00
# Visual Studio Version 17
VisualStudioVersion = 17.0.31903.59
MinimumVisualStudioVersion = 10.0.40219.1
Project("{FAE04EC0-301F-11D3-BF4B-00C04F79EFBC}") = "EnterpriseMdmSolution.API", "EnterpriseMdmSolution.API\EnterpriseMdmSolution.API.csproj", "{C4EFC0AF-AA23-496A-B0B7-EC798B0997B2}"
EndProject
Project("{FAE04EC0-301F-11D3-BF4B-00C04F79EFBC}") = "EnterpriseMdmSolution.Application", "EnterpriseMdmSolution.Application\EnterpriseMdmSolution.Application.csproj", "{0D74E8B6-4DC7-4386-8D57-79E50BCB3B04}"
EndProject
Project("{FAE04EC0-301F-11D3-BF4B-00C04F79EFBC}") = "EnterpriseMdmSolution.Core", "EnterpriseMdmSolution.Core\EnterpriseMdmSolution.Core.csproj", "{97FBD700-4B9A-47FB-A5AA-CC7B664A8079}"
EndProject
Project("{FAE04EC0-301F-11D3-BF4B-00C04F79EFBC}") = "EnterpriseMdmSolution.Infrastructure", "EnterpriseMdmSolution.Infrastructure\EnterpriseMdmSolution.Infrastructure.csproj", "{FDA2B58F-DC9F-4681-8785-BE4B698F2356}"
EndProject
Global
	GlobalSection(SolutionConfigurationPlatforms) = preSolution
		Debug|Any CPU = Debug|Any CPU
		Release|Any CPU = Release|Any CPU
	EndGlobalSection
	GlobalSection(ProjectConfigurationPlatforms) = postSolution
		{C4EFC0AF-AA23-496A-B0B7-EC798B0997B2}.Debug|Any CPU.ActiveCfg = Debug|Any CPU
		{C4EFC0AF-AA23-496A-B0B7-EC798B0997B2}.Debug|Any CPU.Build.0 = Debug|Any CPU
		{C4EFC0AF-AA23-496A-B0B7-EC798B0997B2}.Release|Any CPU.ActiveCfg = Release|Any CPU
		{C4EFC0AF-AA23-496A-B0B7-EC798B0997B2}.Release|Any CPU.Build.0 = Release|Any CPU
		{0D74E8B6-4DC7-4386-8D57-79E50BCB3B04}.Debug|Any CPU.ActiveCfg = Debug|Any CPU
		{0D74E8B6-4DC7-4386-8D57-79E50BCB3B04}.Debug|Any CPU.Build.0 = Debug|Any CPU
		{0D74E8B6-4DC7-4386-8D57-79E50BCB3B04}.Release|Any CPU.ActiveCfg = Release|Any CPU
		{0D74E8B6-4DC7-4386-8D57-79E50BCB3B04}.Release|Any CPU.Build.0 = Release|Any CPU
		{97FBD700-4B9A-47FB-A5AA-CC7B664A8079}.Debug|Any CPU.ActiveCfg = Debug|Any CPU
		{97FBD700-4B9A-47FB-A5AA-CC7B664A8079}.Debug|Any CPU.Build.0 = Debug|Any CPU
		{97FBD700-4B9A-47FB-A5AA-CC7B664A8079}.Release|Any CPU.ActiveCfg = Release|Any CPU
		{97FBD700-4B9A-47FB-A5AA-CC7B664A8079}.Release|Any CPU.Build.0 = Release|Any CPU
		{FDA2B58F-DC9F-4681-8785-BE4B698F2356}.Debug|Any CPU.ActiveCfg = Debug|Any CPU
		{FDA2B58F-DC9F-4681-8785-BE4B698F2356}.Debug|Any CPU.Build.0 = Debug|Any CPU
		{FDA2B58F-DC9F-4681-8785-BE4B698F2356}.Release|Any CPU.ActiveCfg = Release|Any CPU
		{FDA2B58F-DC9F-4681-8785-BE4B698F2356}.Release|Any CPU.Build.0 = Release|Any CPU
	EndGlobalSection
EndGlobal